// !$*UTF8*$!
{
	archiveVersion = 1;
	classes = {
	};
	objectVersion = 50;
	objects = {

/* Begin PBXBuildFile section */
		518BF804229A605600810BF5 /* AppDelegate.swift in Sources */ = {isa = PBXBuildFile; fileRef = 518BF803229A605600810BF5 /* AppDelegate.swift */; };
		518BF806229A605600810BF5 /* HomeViewController.swift in Sources */ = {isa = PBXBuildFile; fileRef = 518BF805229A605600810BF5 /* HomeViewController.swift */; };
		518BF809229A605600810BF5 /* Main.storyboard in Resources */ = {isa = PBXBuildFile; fileRef = 518BF807229A605600810BF5 /* Main.storyboard */; };
		518BF80B229A605700810BF5 /* Assets.xcassets in Resources */ = {isa = PBXBuildFile; fileRef = 518BF80A229A605700810BF5 /* Assets.xcassets */; };
		518BF80E229A605700810BF5 /* LaunchScreen.storyboard in Resources */ = {isa = PBXBuildFile; fileRef = 518BF80C229A605700810BF5 /* LaunchScreen.storyboard */; };
		518BF819229A605700810BF5 /* FlickrAPIAssignmentTests.swift in Sources */ = {isa = PBXBuildFile; fileRef = 518BF818229A605700810BF5 /* FlickrAPIAssignmentTests.swift */; };
		518BF824229A605800810BF5 /* FlickrAPIAssignmentUITests.swift in Sources */ = {isa = PBXBuildFile; fileRef = 518BF823229A605700810BF5 /* FlickrAPIAssignmentUITests.swift */; };
		518BF837229A67A000810BF5 /* StringConstants.swift in Sources */ = {isa = PBXBuildFile; fileRef = 518BF836229A67A000810BF5 /* StringConstants.swift */; };
		518BF839229A68B100810BF5 /* FetchPhotoService.swift in Sources */ = {isa = PBXBuildFile; fileRef = 518BF838229A68B100810BF5 /* FetchPhotoService.swift */; };
		518BF83C229A68DD00810BF5 /* FetchPhotoServiceProtocol.swift in Sources */ = {isa = PBXBuildFile; fileRef = 518BF83B229A68DD00810BF5 /* FetchPhotoServiceProtocol.swift */; };
		518BF83F229A694300810BF5 /* FetchEndPoint.swift in Sources */ = {isa = PBXBuildFile; fileRef = 518BF83E229A694300810BF5 /* FetchEndPoint.swift */; };
		518BF841229A696800810BF5 /* APIURLConstants.swift in Sources */ = {isa = PBXBuildFile; fileRef = 518BF840229A696700810BF5 /* APIURLConstants.swift */; };
		518BF843229A698400810BF5 /* AppContext.swift in Sources */ = {isa = PBXBuildFile; fileRef = 518BF842229A698400810BF5 /* AppContext.swift */; };
		518BF845229A69BD00810BF5 /* AppConstants.swift in Sources */ = {isa = PBXBuildFile; fileRef = 518BF844229A69BC00810BF5 /* AppConstants.swift */; };
		518BF847229A6A8500810BF5 /* AppError.swift in Sources */ = {isa = PBXBuildFile; fileRef = 518BF846229A6A8500810BF5 /* AppError.swift */; };
		518BF849229A6E4500810BF5 /* PhotoViewModel.swift in Sources */ = {isa = PBXBuildFile; fileRef = 518BF848229A6E4500810BF5 /* PhotoViewModel.swift */; };
		518BF84B229A6F0F00810BF5 /* HomeViewController+CollectionView.swift in Sources */ = {isa = PBXBuildFile; fileRef = 518BF84A229A6F0F00810BF5 /* HomeViewController+CollectionView.swift */; };
		518BF84D229A6FB400810BF5 /* PhotoCollectionViewCell.swift in Sources */ = {isa = PBXBuildFile; fileRef = 518BF84C229A6FB400810BF5 /* PhotoCollectionViewCell.swift */; };
		518BF84F229A702400810BF5 /* PhotoCellModel.swift in Sources */ = {isa = PBXBuildFile; fileRef = 518BF84E229A702400810BF5 /* PhotoCellModel.swift */; };
		518BF851229A81EC00810BF5 /* NetworkRequest.swift in Sources */ = {isa = PBXBuildFile; fileRef = 518BF850229A81EC00810BF5 /* NetworkRequest.swift */; };
		518BF854229A95A500810BF5 /* KeyConstants.swift in Sources */ = {isa = PBXBuildFile; fileRef = 518BF853229A95A500810BF5 /* KeyConstants.swift */; };
		518BF856229A997D00810BF5 /* Utility.swift in Sources */ = {isa = PBXBuildFile; fileRef = 518BF855229A997D00810BF5 /* Utility.swift */; };
		518BF858229AA3E200810BF5 /* UIImageViewExtension.swift in Sources */ = {isa = PBXBuildFile; fileRef = 518BF857229AA3E200810BF5 /* UIImageViewExtension.swift */; };
		518BF85B229AE98800810BF5 /* HomeViewModelTests.swift in Sources */ = {isa = PBXBuildFile; fileRef = 518BF859229AC90800810BF5 /* HomeViewModelTests.swift */; };
		518BF85D229AE99B00810BF5 /* NetworkLayerTest.swift in Sources */ = {isa = PBXBuildFile; fileRef = 518BF85C229AE99B00810BF5 /* NetworkLayerTest.swift */; };
/* End PBXBuildFile section */

/* Begin PBXContainerItemProxy section */
		518BF815229A605700810BF5 /* PBXContainerItemProxy */ = {
			isa = PBXContainerItemProxy;
			containerPortal = 518BF7F8229A605600810BF5 /* Project object */;
			proxyType = 1;
			remoteGlobalIDString = 518BF7FF229A605600810BF5;
			remoteInfo = FlickrAPIAssignment;
		};
		518BF820229A605700810BF5 /* PBXContainerItemProxy */ = {
			isa = PBXContainerItemProxy;
			containerPortal = 518BF7F8229A605600810BF5 /* Project object */;
			proxyType = 1;
			remoteGlobalIDString = 518BF7FF229A605600810BF5;
			remoteInfo = FlickrAPIAssignment;
		};
/* End PBXContainerItemProxy section */

/* Begin PBXFileReference section */
		518BF800229A605600810BF5 /* FlickrAPIAssignment.app */ = {isa = PBXFileReference; explicitFileType = wrapper.application; includeInIndex = 0; path = FlickrAPIAssignment.app; sourceTree = BUILT_PRODUCTS_DIR; };
		518BF803229A605600810BF5 /* AppDelegate.swift */ = {isa = PBXFileReference; lastKnownFileType = sourcecode.swift; path = AppDelegate.swift; sourceTree = "<group>"; };
		518BF805229A605600810BF5 /* HomeViewController.swift */ = {isa = PBXFileReference; lastKnownFileType = sourcecode.swift; path = HomeViewController.swift; sourceTree = "<group>"; };
		518BF808229A605600810BF5 /* Base */ = {isa = PBXFileReference; lastKnownFileType = file.storyboard; name = Base; path = Base.lproj/Main.storyboard; sourceTree = "<group>"; };
		518BF80A229A605700810BF5 /* Assets.xcassets */ = {isa = PBXFileReference; lastKnownFileType = folder.assetcatalog; path = Assets.xcassets; sourceTree = "<group>"; };
		518BF80D229A605700810BF5 /* Base */ = {isa = PBXFileReference; lastKnownFileType = file.storyboard; name = Base; path = Base.lproj/LaunchScreen.storyboard; sourceTree = "<group>"; };
		518BF80F229A605700810BF5 /* Info.plist */ = {isa = PBXFileReference; lastKnownFileType = text.plist.xml; path = Info.plist; sourceTree = "<group>"; };
		518BF814229A605700810BF5 /* FlickrAPIAssignmentTests.xctest */ = {isa = PBXFileReference; explicitFileType = wrapper.cfbundle; includeInIndex = 0; path = FlickrAPIAssignmentTests.xctest; sourceTree = BUILT_PRODUCTS_DIR; };
		518BF818229A605700810BF5 /* FlickrAPIAssignmentTests.swift */ = {isa = PBXFileReference; lastKnownFileType = sourcecode.swift; path = FlickrAPIAssignmentTests.swift; sourceTree = "<group>"; };
		518BF81A229A605700810BF5 /* Info.plist */ = {isa = PBXFileReference; lastKnownFileType = text.plist.xml; path = Info.plist; sourceTree = "<group>"; };
		518BF81F229A605700810BF5 /* FlickrAPIAssignmentUITests.xctest */ = {isa = PBXFileReference; explicitFileType = wrapper.cfbundle; includeInIndex = 0; path = FlickrAPIAssignmentUITests.xctest; sourceTree = BUILT_PRODUCTS_DIR; };
		518BF823229A605700810BF5 /* FlickrAPIAssignmentUITests.swift */ = {isa = PBXFileReference; lastKnownFileType = sourcecode.swift; path = FlickrAPIAssignmentUITests.swift; sourceTree = "<group>"; };
		518BF825229A605800810BF5 /* Info.plist */ = {isa = PBXFileReference; lastKnownFileType = text.plist.xml; path = Info.plist; sourceTree = "<group>"; };
		518BF836229A67A000810BF5 /* StringConstants.swift */ = {isa = PBXFileReference; lastKnownFileType = sourcecode.swift; path = StringConstants.swift; sourceTree = "<group>"; };
		518BF838229A68B100810BF5 /* FetchPhotoService.swift */ = {isa = PBXFileReference; lastKnownFileType = sourcecode.swift; path = FetchPhotoService.swift; sourceTree = "<group>"; };
		518BF83B229A68DD00810BF5 /* FetchPhotoServiceProtocol.swift */ = {isa = PBXFileReference; lastKnownFileType = sourcecode.swift; path = FetchPhotoServiceProtocol.swift; sourceTree = "<group>"; };
		518BF83E229A694300810BF5 /* FetchEndPoint.swift */ = {isa = PBXFileReference; lastKnownFileType = sourcecode.swift; path = FetchEndPoint.swift; sourceTree = "<group>"; };
		518BF840229A696700810BF5 /* APIURLConstants.swift */ = {isa = PBXFileReference; lastKnownFileType = sourcecode.swift; path = APIURLConstants.swift; sourceTree = "<group>"; };
		518BF842229A698400810BF5 /* AppContext.swift */ = {isa = PBXFileReference; lastKnownFileType = sourcecode.swift; path = AppContext.swift; sourceTree = "<group>"; };
		518BF844229A69BC00810BF5 /* AppConstants.swift */ = {isa = PBXFileReference; lastKnownFileType = sourcecode.swift; path = AppConstants.swift; sourceTree = "<group>"; };
		518BF846229A6A8500810BF5 /* AppError.swift */ = {isa = PBXFileReference; lastKnownFileType = sourcecode.swift; path = AppError.swift; sourceTree = "<group>"; };
		518BF848229A6E4500810BF5 /* PhotoViewModel.swift */ = {isa = PBXFileReference; lastKnownFileType = sourcecode.swift; path = PhotoViewModel.swift; sourceTree = "<group>"; };
		518BF84A229A6F0F00810BF5 /* HomeViewController+CollectionView.swift */ = {isa = PBXFileReference; lastKnownFileType = sourcecode.swift; path = "HomeViewController+CollectionView.swift"; sourceTree = "<group>"; };
		518BF84C229A6FB400810BF5 /* PhotoCollectionViewCell.swift */ = {isa = PBXFileReference; lastKnownFileType = sourcecode.swift; path = PhotoCollectionViewCell.swift; sourceTree = "<group>"; };
		518BF84E229A702400810BF5 /* PhotoCellModel.swift */ = {isa = PBXFileReference; lastKnownFileType = sourcecode.swift; path = PhotoCellModel.swift; sourceTree = "<group>"; };
		518BF850229A81EC00810BF5 /* NetworkRequest.swift */ = {isa = PBXFileReference; lastKnownFileType = sourcecode.swift; path = NetworkRequest.swift; sourceTree = "<group>"; };
		518BF853229A95A500810BF5 /* KeyConstants.swift */ = {isa = PBXFileReference; lastKnownFileType = sourcecode.swift; path = KeyConstants.swift; sourceTree = "<group>"; };
		518BF855229A997D00810BF5 /* Utility.swift */ = {isa = PBXFileReference; lastKnownFileType = sourcecode.swift; path = Utility.swift; sourceTree = "<group>"; };
		518BF857229AA3E200810BF5 /* UIImageViewExtension.swift */ = {isa = PBXFileReference; lastKnownFileType = sourcecode.swift; path = UIImageViewExtension.swift; sourceTree = "<group>"; };
		518BF859229AC90800810BF5 /* HomeViewModelTests.swift */ = {isa = PBXFileReference; lastKnownFileType = sourcecode.swift; path = HomeViewModelTests.swift; sourceTree = "<group>"; };
		518BF85C229AE99B00810BF5 /* NetworkLayerTest.swift */ = {isa = PBXFileReference; lastKnownFileType = sourcecode.swift; path = NetworkLayerTest.swift; sourceTree = "<group>"; };
/* End PBXFileReference section */

/* Begin PBXFrameworksBuildPhase section */
		518BF7FD229A605600810BF5 /* Frameworks */ = {
			isa = PBXFrameworksBuildPhase;
			buildActionMask = 2147483647;
			files = (
			);
			runOnlyForDeploymentPostprocessing = 0;
		};
		518BF811229A605700810BF5 /* Frameworks */ = {
			isa = PBXFrameworksBuildPhase;
			buildActionMask = 2147483647;
			files = (
			);
			runOnlyForDeploymentPostprocessing = 0;
		};
		518BF81C229A605700810BF5 /* Frameworks */ = {
			isa = PBXFrameworksBuildPhase;
			buildActionMask = 2147483647;
			files = (
			);
			runOnlyForDeploymentPostprocessing = 0;
		};
/* End PBXFrameworksBuildPhase section */

/* Begin PBXGroup section */
		518BF7F7229A605600810BF5 = {
			isa = PBXGroup;
			children = (
				518BF802229A605600810BF5 /* FlickrAPIAssignment */,
				518BF817229A605700810BF5 /* FlickrAPIAssignmentTests */,
				518BF822229A605700810BF5 /* FlickrAPIAssignmentUITests */,
				518BF801229A605600810BF5 /* Products */,
			);
			sourceTree = "<group>";
		};
		518BF801229A605600810BF5 /* Products */ = {
			isa = PBXGroup;
			children = (
				518BF800229A605600810BF5 /* FlickrAPIAssignment.app */,
				518BF814229A605700810BF5 /* FlickrAPIAssignmentTests.xctest */,
				518BF81F229A605700810BF5 /* FlickrAPIAssignmentUITests.xctest */,
			);
			name = Products;
			sourceTree = "<group>";
		};
		518BF802229A605600810BF5 /* FlickrAPIAssignment */ = {
			isa = PBXGroup;
			children = (
				518BF835229A614200810BF5 /* Network Layer */,
				518BF834229A613500810BF5 /* Presentation Layer */,
				518BF831229A610D00810BF5 /* Core */,
				518BF803229A605600810BF5 /* AppDelegate.swift */,
				518BF807229A605600810BF5 /* Main.storyboard */,
				518BF80A229A605700810BF5 /* Assets.xcassets */,
				518BF80C229A605700810BF5 /* LaunchScreen.storyboard */,
				518BF80F229A605700810BF5 /* Info.plist */,
			);
			path = FlickrAPIAssignment;
			sourceTree = "<group>";
		};
		518BF817229A605700810BF5 /* FlickrAPIAssignmentTests */ = {
			isa = PBXGroup;
			children = (
				518BF818229A605700810BF5 /* FlickrAPIAssignmentTests.swift */,
				518BF859229AC90800810BF5 /* HomeViewModelTests.swift */,
				518BF81A229A605700810BF5 /* Info.plist */,
				518BF85C229AE99B00810BF5 /* NetworkLayerTest.swift */,
			);
			path = FlickrAPIAssignmentTests;
			sourceTree = "<group>";
		};
		518BF822229A605700810BF5 /* FlickrAPIAssignmentUITests */ = {
			isa = PBXGroup;
			children = (
				518BF823229A605700810BF5 /* FlickrAPIAssignmentUITests.swift */,
				518BF825229A605800810BF5 /* Info.plist */,
			);
			path = FlickrAPIAssignmentUITests;
			sourceTree = "<group>";
		};
		518BF831229A610D00810BF5 /* Core */ = {
			isa = PBXGroup;
			children = (
				518BF832229A612300810BF5 /* Constants */,
				518BF842229A698400810BF5 /* AppContext.swift */,
				518BF846229A6A8500810BF5 /* AppError.swift */,
				518BF855229A997D00810BF5 /* Utility.swift */,
				518BF857229AA3E200810BF5 /* UIImageViewExtension.swift */,
			);
			path = Core;
			sourceTree = "<group>";
		};
		518BF832229A612300810BF5 /* Constants */ = {
			isa = PBXGroup;
			children = (
				518BF836229A67A000810BF5 /* StringConstants.swift */,
				518BF840229A696700810BF5 /* APIURLConstants.swift */,
				518BF844229A69BC00810BF5 /* AppConstants.swift */,
				518BF853229A95A500810BF5 /* KeyConstants.swift */,
			);
			path = Constants;
			sourceTree = "<group>";
		};
		518BF834229A613500810BF5 /* Presentation Layer */ = {
			isa = PBXGroup;
			children = (
				518BF852229A874B00810BF5 /* ViewControllers */,
				518BF848229A6E4500810BF5 /* PhotoViewModel.swift */,
				518BF84C229A6FB400810BF5 /* PhotoCollectionViewCell.swift */,
				518BF84E229A702400810BF5 /* PhotoCellModel.swift */,
			);
			path = "Presentation Layer";
			sourceTree = "<group>";
		};
		518BF835229A614200810BF5 /* Network Layer */ = {
			isa = PBXGroup;
			children = (
				518BF83D229A68E100810BF5 /* Protocols */,
				518BF83A229A68BF00810BF5 /* Services */,
				518BF83E229A694300810BF5 /* FetchEndPoint.swift */,
				518BF850229A81EC00810BF5 /* NetworkRequest.swift */,
			);
			path = "Network Layer";
			sourceTree = "<group>";
		};
		518BF83A229A68BF00810BF5 /* Services */ = {
			isa = PBXGroup;
			children = (
				518BF838229A68B100810BF5 /* FetchPhotoService.swift */,
			);
			path = Services;
			sourceTree = "<group>";
		};
		518BF83D229A68E100810BF5 /* Protocols */ = {
			isa = PBXGroup;
			children = (
				518BF83B229A68DD00810BF5 /* FetchPhotoServiceProtocol.swift */,
			);
			path = Protocols;
			sourceTree = "<group>";
		};
		518BF852229A874B00810BF5 /* ViewControllers */ = {
			isa = PBXGroup;
			children = (
				518BF805229A605600810BF5 /* HomeViewController.swift */,
				518BF84A229A6F0F00810BF5 /* HomeViewController+CollectionView.swift */,
			);
			path = ViewControllers;
			sourceTree = "<group>";
		};
/* End PBXGroup section */

/* Begin PBXNativeTarget section */
		518BF7FF229A605600810BF5 /* FlickrAPIAssignment */ = {
			isa = PBXNativeTarget;
			buildConfigurationList = 518BF828229A605800810BF5 /* Build configuration list for PBXNativeTarget "FlickrAPIAssignment" */;
			buildPhases = (
				518BF7FC229A605600810BF5 /* Sources */,
				518BF7FD229A605600810BF5 /* Frameworks */,
				518BF7FE229A605600810BF5 /* Resources */,
			);
			buildRules = (
			);
			dependencies = (
			);
			name = FlickrAPIAssignment;
			productName = FlickrAPIAssignment;
			productReference = 518BF800229A605600810BF5 /* FlickrAPIAssignment.app */;
			productType = "com.apple.product-type.application";
		};
		518BF813229A605700810BF5 /* FlickrAPIAssignmentTests */ = {
			isa = PBXNativeTarget;
			buildConfigurationList = 518BF82B229A605800810BF5 /* Build configuration list for PBXNativeTarget "FlickrAPIAssignmentTests" */;
			buildPhases = (
				518BF810229A605700810BF5 /* Sources */,
				518BF811229A605700810BF5 /* Frameworks */,
				518BF812229A605700810BF5 /* Resources */,
			);
			buildRules = (
			);
			dependencies = (
				518BF816229A605700810BF5 /* PBXTargetDependency */,
			);
			name = FlickrAPIAssignmentTests;
			productName = FlickrAPIAssignmentTests;
			productReference = 518BF814229A605700810BF5 /* FlickrAPIAssignmentTests.xctest */;
			productType = "com.apple.product-type.bundle.unit-test";
		};
		518BF81E229A605700810BF5 /* FlickrAPIAssignmentUITests */ = {
			isa = PBXNativeTarget;
			buildConfigurationList = 518BF82E229A605800810BF5 /* Build configuration list for PBXNativeTarget "FlickrAPIAssignmentUITests" */;
			buildPhases = (
				518BF81B229A605700810BF5 /* Sources */,
				518BF81C229A605700810BF5 /* Frameworks */,
				518BF81D229A605700810BF5 /* Resources */,
			);
			buildRules = (
			);
			dependencies = (
				518BF821229A605700810BF5 /* PBXTargetDependency */,
			);
			name = FlickrAPIAssignmentUITests;
			productName = FlickrAPIAssignmentUITests;
			productReference = 518BF81F229A605700810BF5 /* FlickrAPIAssignmentUITests.xctest */;
			productType = "com.apple.product-type.bundle.ui-testing";
		};
/* End PBXNativeTarget section */

/* Begin PBXProject section */
		518BF7F8229A605600810BF5 /* Project object */ = {
			isa = PBXProject;
			attributes = {
				LastSwiftUpdateCheck = 1020;
				LastUpgradeCheck = 1020;
				ORGANIZATIONNAME = "Satyam Sehgal";
				TargetAttributes = {
					518BF7FF229A605600810BF5 = {
						CreatedOnToolsVersion = 10.2;
					};
					518BF813229A605700810BF5 = {
						CreatedOnToolsVersion = 10.2;
						TestTargetID = 518BF7FF229A605600810BF5;
					};
					518BF81E229A605700810BF5 = {
						CreatedOnToolsVersion = 10.2;
						TestTargetID = 518BF7FF229A605600810BF5;
					};
				};
			};
			buildConfigurationList = 518BF7FB229A605600810BF5 /* Build configuration list for PBXProject "FlickrAPIAssignment" */;
			compatibilityVersion = "Xcode 9.3";
			developmentRegion = en;
			hasScannedForEncodings = 0;
			knownRegions = (
				en,
				Base,
			);
			mainGroup = 518BF7F7229A605600810BF5;
			productRefGroup = 518BF801229A605600810BF5 /* Products */;
			projectDirPath = "";
			projectRoot = "";
			targets = (
				518BF7FF229A605600810BF5 /* FlickrAPIAssignment */,
				518BF813229A605700810BF5 /* FlickrAPIAssignmentTests */,
				518BF81E229A605700810BF5 /* FlickrAPIAssignmentUITests */,
			);
		};
/* End PBXProject section */

/* Begin PBXResourcesBuildPhase section */
		518BF7FE229A605600810BF5 /* Resources */ = {
			isa = PBXResourcesBuildPhase;
			buildActionMask = 2147483647;
			files = (
				518BF80E229A605700810BF5 /* LaunchScreen.storyboard in Resources */,
				518BF80B229A605700810BF5 /* Assets.xcassets in Resources */,
				518BF809229A605600810BF5 /* Main.storyboard in Resources */,
			);
			runOnlyForDeploymentPostprocessing = 0;
		};
		518BF812229A605700810BF5 /* Resources */ = {
			isa = PBXResourcesBuildPhase;
			buildActionMask = 2147483647;
			files = (
			);
			runOnlyForDeploymentPostprocessing = 0;
		};
		518BF81D229A605700810BF5 /* Resources */ = {
			isa = PBXResourcesBuildPhase;
			buildActionMask = 2147483647;
			files = (
			);
			runOnlyForDeploymentPostprocessing = 0;
		};
/* End PBXResourcesBuildPhase section */

/* Begin PBXSourcesBuildPhase section */
		518BF7FC229A605600810BF5 /* Sources */ = {
			isa = PBXSourcesBuildPhase;
			buildActionMask = 2147483647;
			files = (
				518BF806229A605600810BF5 /* HomeViewController.swift in Sources */,
				518BF84D229A6FB400810BF5 /* PhotoCollectionViewCell.swift in Sources */,
				518BF84F229A702400810BF5 /* PhotoCellModel.swift in Sources */,
				518BF854229A95A500810BF5 /* KeyConstants.swift in Sources */,
				518BF849229A6E4500810BF5 /* PhotoViewModel.swift in Sources */,
				518BF851229A81EC00810BF5 /* NetworkRequest.swift in Sources */,
				518BF845229A69BD00810BF5 /* AppConstants.swift in Sources */,
				518BF847229A6A8500810BF5 /* AppError.swift in Sources */,
				518BF84B229A6F0F00810BF5 /* HomeViewController+CollectionView.swift in Sources */,
				518BF843229A698400810BF5 /* AppContext.swift in Sources */,
				518BF804229A605600810BF5 /* AppDelegate.swift in Sources */,
				518BF837229A67A000810BF5 /* StringConstants.swift in Sources */,
				518BF83F229A694300810BF5 /* FetchEndPoint.swift in Sources */,
				518BF839229A68B100810BF5 /* FetchPhotoService.swift in Sources */,
				518BF858229AA3E200810BF5 /* UIImageViewExtension.swift in Sources */,
				518BF83C229A68DD00810BF5 /* FetchPhotoServiceProtocol.swift in Sources */,
				518BF841229A696800810BF5 /* APIURLConstants.swift in Sources */,
				518BF856229A997D00810BF5 /* Utility.swift in Sources */,
			);
			runOnlyForDeploymentPostprocessing = 0;
		};
		518BF810229A605700810BF5 /* Sources */ = {
			isa = PBXSourcesBuildPhase;
			buildActionMask = 2147483647;
			files = (
				518BF819229A605700810BF5 /* FlickrAPIAssignmentTests.swift in Sources */,
				518BF85D229AE99B00810BF5 /* NetworkLayerTest.swift in Sources */,
				518BF85B229AE98800810BF5 /* HomeViewModelTests.swift in Sources */,
			);
			runOnlyForDeploymentPostprocessing = 0;
		};
		518BF81B229A605700810BF5 /* Sources */ = {
			isa = PBXSourcesBuildPhase;
			buildActionMask = 2147483647;
			files = (
				518BF824229A605800810BF5 /* FlickrAPIAssignmentUITests.swift in Sources */,
			);
			runOnlyForDeploymentPostprocessing = 0;
		};
/* End PBXSourcesBuildPhase section */

/* Begin PBXTargetDependency section */
		518BF816229A605700810BF5 /* PBXTargetDependency */ = {
			isa = PBXTargetDependency;
			target = 518BF7FF229A605600810BF5 /* FlickrAPIAssignment */;
			targetProxy = 518BF815229A605700810BF5 /* PBXContainerItemProxy */;
		};
		518BF821229A605700810BF5 /* PBXTargetDependency */ = {
			isa = PBXTargetDependency;
			target = 518BF7FF229A605600810BF5 /* FlickrAPIAssignment */;
			targetProxy = 518BF820229A605700810BF5 /* PBXContainerItemProxy */;
		};
/* End PBXTargetDependency section */

/* Begin PBXVariantGroup section */
		518BF807229A605600810BF5 /* Main.storyboard */ = {
			isa = PBXVariantGroup;
			children = (
				518BF808229A605600810BF5 /* Base */,
			);
			name = Main.storyboard;
			sourceTree = "<group>";
		};
		518BF80C229A605700810BF5 /* LaunchScreen.storyboard */ = {
			isa = PBXVariantGroup;
			children = (
				518BF80D229A605700810BF5 /* Base */,
			);
			name = LaunchScreen.storyboard;
			sourceTree = "<group>";
		};
/* End PBXVariantGroup section */

/* Begin XCBuildConfiguration section */
		518BF826229A605800810BF5 /* Debug */ = {
			isa = XCBuildConfiguration;
			buildSettings = {
				ALWAYS_SEARCH_USER_PATHS = NO;
				CLANG_ANALYZER_NONNULL = YES;
				CLANG_ANALYZER_NUMBER_OBJECT_CONVERSION = YES_AGGRESSIVE;
				CLANG_CXX_LANGUAGE_STANDARD = "gnu++14";
				CLANG_CXX_LIBRARY = "libc++";
				CLANG_ENABLE_MODULES = YES;
				CLANG_ENABLE_OBJC_ARC = YES;
				CLANG_ENABLE_OBJC_WEAK = YES;
				CLANG_WARN_BLOCK_CAPTURE_AUTORELEASING = YES;
				CLANG_WARN_BOOL_CONVERSION = YES;
				CLANG_WARN_COMMA = YES;
				CLANG_WARN_CONSTANT_CONVERSION = YES;
				CLANG_WARN_DEPRECATED_OBJC_IMPLEMENTATIONS = YES;
				CLANG_WARN_DIRECT_OBJC_ISA_USAGE = YES_ERROR;
				CLANG_WARN_DOCUMENTATION_COMMENTS = YES;
				CLANG_WARN_EMPTY_BODY = YES;
				CLANG_WARN_ENUM_CONVERSION = YES;
				CLANG_WARN_INFINITE_RECURSION = YES;
				CLANG_WARN_INT_CONVERSION = YES;
				CLANG_WARN_NON_LITERAL_NULL_CONVERSION = YES;
				CLANG_WARN_OBJC_IMPLICIT_RETAIN_SELF = YES;
				CLANG_WARN_OBJC_LITERAL_CONVERSION = YES;
				CLANG_WARN_OBJC_ROOT_CLASS = YES_ERROR;
				CLANG_WARN_RANGE_LOOP_ANALYSIS = YES;
				CLANG_WARN_STRICT_PROTOTYPES = YES;
				CLANG_WARN_SUSPICIOUS_MOVE = YES;
				CLANG_WARN_UNGUARDED_AVAILABILITY = YES_AGGRESSIVE;
				CLANG_WARN_UNREACHABLE_CODE = YES;
				CLANG_WARN__DUPLICATE_METHOD_MATCH = YES;
				CODE_SIGN_IDENTITY = "iPhone Developer";
				COPY_PHASE_STRIP = NO;
				DEBUG_INFORMATION_FORMAT = dwarf;
				ENABLE_STRICT_OBJC_MSGSEND = YES;
				ENABLE_TESTABILITY = YES;
				GCC_C_LANGUAGE_STANDARD = gnu11;
				GCC_DYNAMIC_NO_PIC = NO;
				GCC_NO_COMMON_BLOCKS = YES;
				GCC_OPTIMIZATION_LEVEL = 0;
				GCC_PREPROCESSOR_DEFINITIONS = (
					"DEBUG=1",
					"$(inherited)",
				);
				GCC_WARN_64_TO_32_BIT_CONVERSION = YES;
				GCC_WARN_ABOUT_RETURN_TYPE = YES_ERROR;
				GCC_WARN_UNDECLARED_SELECTOR = YES;
				GCC_WARN_UNINITIALIZED_AUTOS = YES_AGGRESSIVE;
				GCC_WARN_UNUSED_FUNCTION = YES;
				GCC_WARN_UNUSED_VARIABLE = YES;
				IPHONEOS_DEPLOYMENT_TARGET = 12.2;
				MTL_ENABLE_DEBUG_INFO = INCLUDE_SOURCE;
				MTL_FAST_MATH = YES;
				ONLY_ACTIVE_ARCH = YES;
				SDKROOT = iphoneos;
				SWIFT_ACTIVE_COMPILATION_CONDITIONS = DEBUG;
				SWIFT_OPTIMIZATION_LEVEL = "-Onone";
			};
			name = Debug;
		};
		518BF827229A605800810BF5 /* Release */ = {
			isa = XCBuildConfiguration;
			buildSettings = {
				ALWAYS_SEARCH_USER_PATHS = NO;
				CLANG_ANALYZER_NONNULL = YES;
				CLANG_ANALYZER_NUMBER_OBJECT_CONVERSION = YES_AGGRESSIVE;
				CLANG_CXX_LANGUAGE_STANDARD = "gnu++14";
				CLANG_CXX_LIBRARY = "libc++";
				CLANG_ENABLE_MODULES = YES;
				CLANG_ENABLE_OBJC_ARC = YES;
				CLANG_ENABLE_OBJC_WEAK = YES;
				CLANG_WARN_BLOCK_CAPTURE_AUTORELEASING = YES;
				CLANG_WARN_BOOL_CONVERSION = YES;
				CLANG_WARN_COMMA = YES;
				CLANG_WARN_CONSTANT_CONVERSION = YES;
				CLANG_WARN_DEPRECATED_OBJC_IMPLEMENTATIONS = YES;
				CLANG_WARN_DIRECT_OBJC_ISA_USAGE = YES_ERROR;
				CLANG_WARN_DOCUMENTATION_COMMENTS = YES;
				CLANG_WARN_EMPTY_BODY = YES;
				CLANG_WARN_ENUM_CONVERSION = YES;
				CLANG_WARN_INFINITE_RECURSION = YES;
				CLANG_WARN_INT_CONVERSION = YES;
				CLANG_WARN_NON_LITERAL_NULL_CONVERSION = YES;
				CLANG_WARN_OBJC_IMPLICIT_RETAIN_SELF = YES;
				CLANG_WARN_OBJC_LITERAL_CONVERSION = YES;
				CLANG_WARN_OBJC_ROOT_CLASS = YES_ERROR;
				CLANG_WARN_RANGE_LOOP_ANALYSIS = YES;
				CLANG_WARN_STRICT_PROTOTYPES = YES;
				CLANG_WARN_SUSPICIOUS_MOVE = YES;
				CLANG_WARN_UNGUARDED_AVAILABILITY = YES_AGGRESSIVE;
				CLANG_WARN_UNREACHABLE_CODE = YES;
				CLANG_WARN__DUPLICATE_METHOD_MATCH = YES;
				CODE_SIGN_IDENTITY = "iPhone Developer";
				COPY_PHASE_STRIP = NO;
				DEBUG_INFORMATION_FORMAT = "dwarf-with-dsym";
				ENABLE_NS_ASSERTIONS = NO;
				ENABLE_STRICT_OBJC_MSGSEND = YES;
				GCC_C_LANGUAGE_STANDARD = gnu11;
				GCC_NO_COMMON_BLOCKS = YES;
				GCC_WARN_64_TO_32_BIT_CONVERSION = YES;
				GCC_WARN_ABOUT_RETURN_TYPE = YES_ERROR;
				GCC_WARN_UNDECLARED_SELECTOR = YES;
				GCC_WARN_UNINITIALIZED_AUTOS = YES_AGGRESSIVE;
				GCC_WARN_UNUSED_FUNCTION = YES;
				GCC_WARN_UNUSED_VARIABLE = YES;
				IPHONEOS_DEPLOYMENT_TARGET = 12.2;
				MTL_ENABLE_DEBUG_INFO = NO;
				MTL_FAST_MATH = YES;
				SDKROOT = iphoneos;
				SWIFT_COMPILATION_MODE = wholemodule;
				SWIFT_OPTIMIZATION_LEVEL = "-O";
				VALIDATE_PRODUCT = YES;
			};
			name = Release;
		};
		518BF829229A605800810BF5 /* Debug */ = {
			isa = XCBuildConfiguration;
			buildSettings = {
				ASSETCATALOG_COMPILER_APPICON_NAME = AppIcon;
				CODE_SIGN_STYLE = Automatic;
				INFOPLIST_FILE = FlickrAPIAssignment/Info.plist;
				IPHONEOS_DEPLOYMENT_TARGET = 10.0;
				LD_RUNPATH_SEARCH_PATHS = (
					"$(inherited)",
					"@executable_path/Frameworks",
				);
				PRODUCT_BUNDLE_IDENTIFIER = com.satyam.FlickrAPIAssignment;
				PRODUCT_NAME = "$(TARGET_NAME)";
				SWIFT_VERSION = 5.0;
				TARGETED_DEVICE_FAMILY = "1,2";
			};
			name = Debug;
		};
		518BF82A229A605800810BF5 /* Release */ = {
			isa = XCBuildConfiguration;
			buildSettings = {
				ASSETCATALOG_COMPILER_APPICON_NAME = AppIcon;
				CODE_SIGN_STYLE = Automatic;
				INFOPLIST_FILE = FlickrAPIAssignment/Info.plist;
				IPHONEOS_DEPLOYMENT_TARGET = 10.0;
				LD_RUNPATH_SEARCH_PATHS = (
					"$(inherited)",
					"@executable_path/Frameworks",
				);
				PRODUCT_BUNDLE_IDENTIFIER = com.satyam.FlickrAPIAssignment;
				PRODUCT_NAME = "$(TARGET_NAME)";
				SWIFT_VERSION = 5.0;
				TARGETED_DEVICE_FAMILY = "1,2";
			};
			name = Release;
		};
		518BF82C229A605800810BF5 /* Debug */ = {
			isa = XCBuildConfiguration;
			buildSettings = {
				ALWAYS_EMBED_SWIFT_STANDARD_LIBRARIES = YES;
				BUNDLE_LOADER = "$(TEST_HOST)";
				CODE_SIGN_STYLE = Automatic;
				INFOPLIST_FILE = FlickrAPIAssignmentTests/Info.plist;
				LD_RUNPATH_SEARCH_PATHS = (
					"$(inherited)",
					"@executable_path/Frameworks",
					"@loader_path/Frameworks",
				);
				PRODUCT_BUNDLE_IDENTIFIER = com.satyam.FlickrAPIAssignmentTests;
				PRODUCT_NAME = "$(TARGET_NAME)";
				SWIFT_VERSION = 5.0;
				TARGETED_DEVICE_FAMILY = "1,2";
				TEST_HOST = "$(BUILT_PRODUCTS_DIR)/FlickrAPIAssignment.app/FlickrAPIAssignment";
			};
			name = Debug;
		};
		518BF82D229A605800810BF5 /* Release */ = {
			isa = XCBuildConfiguration;
			buildSettings = {
				ALWAYS_EMBED_SWIFT_STANDARD_LIBRARIES = YES;
				BUNDLE_LOADER = "$(TEST_HOST)";
				CODE_SIGN_STYLE = Automatic;
				INFOPLIST_FILE = FlickrAPIAssignmentTests/Info.plist;
				LD_RUNPATH_SEARCH_PATHS = (
					"$(inherited)",
					"@executable_path/Frameworks",
					"@loader_path/Frameworks",
				);
				PRODUCT_BUNDLE_IDENTIFIER = com.satyam.FlickrAPIAssignmentTests;
				PRODUCT_NAME = "$(TARGET_NAME)";
				SWIFT_VERSION = 5.0;
				TARGETED_DEVICE_FAMILY = "1,2";
				TEST_HOST = "$(BUILT_PRODUCTS_DIR)/FlickrAPIAssignment.app/FlickrAPIAssignment";
			};
			name = Release;
		};
		518BF82F229A605800810BF5 /* Debug */ = {
			isa = XCBuildConfiguration;
			buildSettings = {
				ALWAYS_EMBED_SWIFT_STANDARD_LIBRARIES = YES;
				CODE_SIGN_STYLE = Automatic;
				INFOPLIST_FILE = FlickrAPIAssignmentUITests/Info.plist;
				LD_RUNPATH_SEARCH_PATHS = (
					"$(inherited)",
					"@executable_path/Frameworks",
					"@loader_path/Frameworks",
				);
				PRODUCT_BUNDLE_IDENTIFIER = com.satyam.FlickrAPIAssignmentUITests;
				PRODUCT_NAME = "$(TARGET_NAME)";
				SWIFT_VERSION = 5.0;
				TARGETED_DEVICE_FAMILY = "1,2";
				TEST_TARGET_NAME = FlickrAPIAssignment;
			};
			name = Debug;
		};
		518BF830229A605800810BF5 /* Release */ = {
			isa = XCBuildConfiguration;
			buildSettings = {
				ALWAYS_EMBED_SWIFT_STANDARD_LIBRARIES = YES;
				CODE_SIGN_STYLE = Automatic;
				INFOPLIST_FILE = FlickrAPIAssignmentUITests/Info.plist;
				LD_RUNPATH_SEARCH_PATHS = (
					"$(inherited)",
					"@executable_path/Frameworks",
					"@loader_path/Frameworks",
				);
				PRODUCT_BUNDLE_IDENTIFIER = com.satyam.FlickrAPIAssignmentUITests;
				PRODUCT_NAME = "$(TARGET_NAME)";
				SWIFT_VERSION = 5.0;
				TARGETED_DEVICE_FAMILY = "1,2";
				TEST_TARGET_NAME = FlickrAPIAssignment;
			};
			name = Release;
		};
/* End XCBuildConfiguration section */

/* Begin XCConfigurationList section */
		518BF7FB229A605600810BF5 /* Build configuration list for PBXProject "FlickrAPIAssignment" */ = {
			isa = XCConfigurationList;
			buildConfigurations = (
				518BF826229A605800810BF5 /* Debug */,
				518BF827229A605800810BF5 /* Release */,
			);
			defaultConfigurationIsVisible = 0;
			defaultConfigurationName = Release;
		};
		518BF828229A605800810BF5 /* Build configuration list for PBXNativeTarget "FlickrAPIAssignment" */ = {
			isa = XCConfigurationList;
			buildConfigurations = (
				518BF829229A605800810BF5 /* Debug */,
				518BF82A229A605800810BF5 /* Release */,
			);
			defaultConfigurationIsVisible = 0;
			defaultConfigurationName = Release;
		};
		518BF82B229A605800810BF5 /* Build configuration list for PBXNativeTarget "FlickrAPIAssignmentTests" */ = {
			isa = XCConfigurationList;
			buildConfigurations = (
				518BF82C229A605800810BF5 /* Debug */,
				518BF82D229A605800810BF5 /* Release */,
			);
			defaultConfigurationIsVisible = 0;
			defaultConfigurationName = Release;
		};
		518BF82E229A605800810BF5 /* Build configuration list for PBXNativeTarget "FlickrAPIAssignmentUITests" */ = {
			isa = XCConfigurationList;
			buildConfigurations = (
				518BF82F229A605800810BF5 /* Debug */,
				518BF830229A605800810BF5 /* Release */,
			);
			defaultConfigurationIsVisible = 0;
			defaultConfigurationName = Release;
		};
/* End XCConfigurationList section */
	};
	rootObject = 518BF7F8229A605600810BF5 /* Project object */;
}
